// !$*UTF8*$!
{
	archiveVersion = 1;
	classes = {
	};
	objectVersion = 56;
	objects = {

/* Begin PBXBuildFile section */
		0AC626182B6F2B800046B1BE /* AppDelegate.swift in Sources */ = {isa = PBXBuildFile; fileRef = 0AC626172B6F2B800046B1BE /* AppDelegate.swift */; };
		0AC6261A2B6F2B800046B1BE /* SceneDelegate.swift in Sources */ = {isa = PBXBuildFile; fileRef = 0AC626192B6F2B800046B1BE /* SceneDelegate.swift */; };
		0AC6261C2B6F2B800046B1BE /* AppViewController.swift in Sources */ = {isa = PBXBuildFile; fileRef = 0AC6261B2B6F2B800046B1BE /* AppViewController.swift */; };
		0AC626222B6F2B800046B1BE /* iosViews.xcdatamodeld in Sources */ = {isa = PBXBuildFile; fileRef = 0AC626202B6F2B800046B1BE /* iosViews.xcdatamodeld */; };
		0AC626242B6F2B810046B1BE /* Assets.xcassets in Resources */ = {isa = PBXBuildFile; fileRef = 0AC626232B6F2B810046B1BE /* Assets.xcassets */; };
		0AC626272B6F2B810046B1BE /* LaunchScreen.storyboard in Resources */ = {isa = PBXBuildFile; fileRef = 0AC626252B6F2B810046B1BE /* LaunchScreen.storyboard */; };
		0AC626352B6F2D100046B1BE /* MyCategoryView.swift in Sources */ = {isa = PBXBuildFile; fileRef = 0AC626342B6F2D100046B1BE /* MyCategoryView.swift */; };
		0AC626372B6F2D1C0046B1BE /* TimeLineView.swift in Sources */ = {isa = PBXBuildFile; fileRef = 0AC626362B6F2D1C0046B1BE /* TimeLineView.swift */; };
		0AC626392B6F2D300046B1BE /* TriangleView.swift in Sources */ = {isa = PBXBuildFile; fileRef = 0AC626382B6F2D300046B1BE /* TriangleView.swift */; };
		0AC6263D2B6F32DA0046B1BE /* Flickr.swift in Sources */ = {isa = PBXBuildFile; fileRef = 0AC6263C2B6F32DA0046B1BE /* Flickr.swift */; };
		0AC6263F2B6F32F10046B1BE /* FlickrPhoto.swift in Sources */ = {isa = PBXBuildFile; fileRef = 0AC6263E2B6F32F10046B1BE /* FlickrPhoto.swift */; };
		0AC626412B6F33000046B1BE /* FlickrSearchResults.swift in Sources */ = {isa = PBXBuildFile; fileRef = 0AC626402B6F33000046B1BE /* FlickrSearchResults.swift */; };
		0AC626432B6F33100046B1BE /* GridPhotoCell.swift in Sources */ = {isa = PBXBuildFile; fileRef = 0AC626422B6F33100046B1BE /* GridPhotoCell.swift */; };
		0AC626452B6F331C0046B1BE /* GridPhotosViewController.swift in Sources */ = {isa = PBXBuildFile; fileRef = 0AC626442B6F331C0046B1BE /* GridPhotosViewController.swift */; };
		0AC6264B2B6F78D20046B1BE /* GridPhotoWithInteractCell.swift in Sources */ = {isa = PBXBuildFile; fileRef = 0AC6264A2B6F78D20046B1BE /* GridPhotoWithInteractCell.swift */; };
		0AC6264D2B6F7A240046B1BE /* GridPhotosWithInteractViewController.swift in Sources */ = {isa = PBXBuildFile; fileRef = 0AC6264C2B6F7A240046B1BE /* GridPhotosWithInteractViewController.swift */; };
		0AC6264F2B6F7B320046B1BE /* BubbleView.swift in Sources */ = {isa = PBXBuildFile; fileRef = 0AC6264E2B6F7B320046B1BE /* BubbleView.swift */; };
		ABA1D8EB4B9EABBCA912E5BE /* Pods_iosViews.framework in Frameworks */ = {isa = PBXBuildFile; fileRef = F659A6255F601567ED37F205 /* Pods_iosViews.framework */; };
/* End PBXBuildFile section */

/* Begin PBXFileReference section */
		0AC626142B6F2B800046B1BE /* iosViews.app */ = {isa = PBXFileReference; explicitFileType = wrapper.application; includeInIndex = 0; path = iosViews.app; sourceTree = BUILT_PRODUCTS_DIR; };
		0AC626172B6F2B800046B1BE /* AppDelegate.swift */ = {isa = PBXFileReference; lastKnownFileType = sourcecode.swift; path = AppDelegate.swift; sourceTree = "<group>"; };
		0AC626192B6F2B800046B1BE /* SceneDelegate.swift */ = {isa = PBXFileReference; lastKnownFileType = sourcecode.swift; path = SceneDelegate.swift; sourceTree = "<group>"; };
		0AC6261B2B6F2B800046B1BE /* AppViewController.swift */ = {isa = PBXFileReference; lastKnownFileType = sourcecode.swift; path = AppViewController.swift; sourceTree = "<group>"; };
		0AC626212B6F2B800046B1BE /* iosViews.xcdatamodel */ = {isa = PBXFileReference; lastKnownFileType = wrapper.xcdatamodel; path = iosViews.xcdatamodel; sourceTree = "<group>"; };
		0AC626232B6F2B810046B1BE /* Assets.xcassets */ = {isa = PBXFileReference; lastKnownFileType = folder.assetcatalog; path = Assets.xcassets; sourceTree = "<group>"; };
		0AC626262B6F2B810046B1BE /* Base */ = {isa = PBXFileReference; lastKnownFileType = file.storyboard; name = Base; path = Base.lproj/LaunchScreen.storyboard; sourceTree = "<group>"; };
		0AC626282B6F2B810046B1BE /* Info.plist */ = {isa = PBXFileReference; lastKnownFileType = text.plist.xml; path = Info.plist; sourceTree = "<group>"; };
		0AC626342B6F2D100046B1BE /* MyCategoryView.swift */ = {isa = PBXFileReference; fileEncoding = 4; lastKnownFileType = sourcecode.swift; path = MyCategoryView.swift; sourceTree = "<group>"; };
		0AC626362B6F2D1C0046B1BE /* TimeLineView.swift */ = {isa = PBXFileReference; fileEncoding = 4; lastKnownFileType = sourcecode.swift; path = TimeLineView.swift; sourceTree = "<group>"; };
		0AC626382B6F2D300046B1BE /* TriangleView.swift */ = {isa = PBXFileReference; fileEncoding = 4; lastKnownFileType = sourcecode.swift; path = TriangleView.swift; sourceTree = "<group>"; };
		0AC6263C2B6F32DA0046B1BE /* Flickr.swift */ = {isa = PBXFileReference; lastKnownFileType = sourcecode.swift; path = Flickr.swift; sourceTree = "<group>"; };
		0AC6263E2B6F32F10046B1BE /* FlickrPhoto.swift */ = {isa = PBXFileReference; lastKnownFileType = sourcecode.swift; path = FlickrPhoto.swift; sourceTree = "<group>"; };
		0AC626402B6F33000046B1BE /* FlickrSearchResults.swift */ = {isa = PBXFileReference; lastKnownFileType = sourcecode.swift; path = FlickrSearchResults.swift; sourceTree = "<group>"; };
		0AC626422B6F33100046B1BE /* GridPhotoCell.swift */ = {isa = PBXFileReference; lastKnownFileType = sourcecode.swift; path = GridPhotoCell.swift; sourceTree = "<group>"; };
		0AC626442B6F331C0046B1BE /* GridPhotosViewController.swift */ = {isa = PBXFileReference; lastKnownFileType = sourcecode.swift; path = GridPhotosViewController.swift; sourceTree = "<group>"; };
		0AC6264A2B6F78D20046B1BE /* GridPhotoWithInteractCell.swift */ = {isa = PBXFileReference; lastKnownFileType = sourcecode.swift; path = GridPhotoWithInteractCell.swift; sourceTree = "<group>"; };
		0AC6264C2B6F7A240046B1BE /* GridPhotosWithInteractViewController.swift */ = {isa = PBXFileReference; lastKnownFileType = sourcecode.swift; path = GridPhotosWithInteractViewController.swift; sourceTree = "<group>"; };
		0AC6264E2B6F7B320046B1BE /* BubbleView.swift */ = {isa = PBXFileReference; fileEncoding = 4; lastKnownFileType = sourcecode.swift; path = BubbleView.swift; sourceTree = "<group>"; };
		953F7141FB1DD602ECB9769F /* Pods-iosViews.release.xcconfig */ = {isa = PBXFileReference; includeInIndex = 1; lastKnownFileType = text.xcconfig; name = "Pods-iosViews.release.xcconfig"; path = "Target Support Files/Pods-iosViews/Pods-iosViews.release.xcconfig"; sourceTree = "<group>"; };
		E5556A8F764A3958AF5C2A5C /* Pods-iosViews.debug.xcconfig */ = {isa = PBXFileReference; includeInIndex = 1; lastKnownFileType = text.xcconfig; name = "Pods-iosViews.debug.xcconfig"; path = "Target Support Files/Pods-iosViews/Pods-iosViews.debug.xcconfig"; sourceTree = "<group>"; };
		F659A6255F601567ED37F205 /* Pods_iosViews.framework */ = {isa = PBXFileReference; explicitFileType = wrapper.framework; includeInIndex = 0; path = Pods_iosViews.framework; sourceTree = BUILT_PRODUCTS_DIR; };
/* End PBXFileReference section */

/* Begin PBXFrameworksBuildPhase section */
		0AC626112B6F2B800046B1BE /* Frameworks */ = {
			isa = PBXFrameworksBuildPhase;
			buildActionMask = 2147483647;
			files = (
				ABA1D8EB4B9EABBCA912E5BE /* Pods_iosViews.framework in Frameworks */,
			);
			runOnlyForDeploymentPostprocessing = 0;
		};
/* End PBXFrameworksBuildPhase section */

/* Begin PBXGroup section */
		0AC6260B2B6F2B800046B1BE = {
			isa = PBXGroup;
			children = (
				0AC626162B6F2B800046B1BE /* iosViews */,
				0AC626152B6F2B800046B1BE /* Products */,
				9DDA3B149B23FCDB62C12133 /* Pods */,
				D0DDCB24C308CBB5FC449691 /* Frameworks */,
			);
			sourceTree = "<group>";
		};
		0AC626152B6F2B800046B1BE /* Products */ = {
			isa = PBXGroup;
			children = (
				0AC626142B6F2B800046B1BE /* iosViews.app */,
			);
			name = Products;
			sourceTree = "<group>";
		};
		0AC626162B6F2B800046B1BE /* iosViews */ = {
			isa = PBXGroup;
			children = (
				0AC626492B6F782F0046B1BE /* Services */,
				0AC626482B6F78220046B1BE /* Views */,
				0AC626172B6F2B800046B1BE /* AppDelegate.swift */,
				0AC626192B6F2B800046B1BE /* SceneDelegate.swift */,
				0AC6261B2B6F2B800046B1BE /* AppViewController.swift */,
				0AC626232B6F2B810046B1BE /* Assets.xcassets */,
				0AC626252B6F2B810046B1BE /* LaunchScreen.storyboard */,
				0AC626282B6F2B810046B1BE /* Info.plist */,
				0AC626202B6F2B800046B1BE /* iosViews.xcdatamodeld */,
			);
			path = iosViews;
			sourceTree = "<group>";
		};
		0AC6262E2B6F2BA70046B1BE /* BubbleView */ = {
			isa = PBXGroup;
			children = (
				0AC6264E2B6F7B320046B1BE /* BubbleView.swift */,
			);
			path = BubbleView;
			sourceTree = "<group>";
		};
		0AC6262F2B6F2BBA0046B1BE /* CategoryView */ = {
			isa = PBXGroup;
			children = (
				0AC626342B6F2D100046B1BE /* MyCategoryView.swift */,
			);
			path = CategoryView;
			sourceTree = "<group>";
		};
		0AC626302B6F2BC30046B1BE /* TimeLineView */ = {
			isa = PBXGroup;
			children = (
				0AC626362B6F2D1C0046B1BE /* TimeLineView.swift */,
			);
			path = TimeLineView;
			sourceTree = "<group>";
		};
		0AC626312B6F2BCE0046B1BE /* TriangleView */ = {
			isa = PBXGroup;
			children = (
				0AC626382B6F2D300046B1BE /* TriangleView.swift */,
			);
			path = TriangleView;
			sourceTree = "<group>";
		};
		0AC6263A2B6F32230046B1BE /* GridCollectionView */ = {
			isa = PBXGroup;
			children = (
				0AC626422B6F33100046B1BE /* GridPhotoCell.swift */,
				0AC626442B6F331C0046B1BE /* GridPhotosViewController.swift */,
			);
			path = GridCollectionView;
			sourceTree = "<group>";
		};
		0AC6263B2B6F32C90046B1BE /* FlickrFiles */ = {
			isa = PBXGroup;
			children = (
				0AC6263C2B6F32DA0046B1BE /* Flickr.swift */,
				0AC6263E2B6F32F10046B1BE /* FlickrPhoto.swift */,
				0AC626402B6F33000046B1BE /* FlickrSearchResults.swift */,
			);
			path = FlickrFiles;
			sourceTree = "<group>";
		};
		0AC626462B6F77150046B1BE /* GridCollectionWithInteractView */ = {
			isa = PBXGroup;
			children = (
				0AC6264A2B6F78D20046B1BE /* GridPhotoWithInteractCell.swift */,
				0AC6264C2B6F7A240046B1BE /* GridPhotosWithInteractViewController.swift */,
			);
			path = GridCollectionWithInteractView;
			sourceTree = "<group>";
		};
		0AC626482B6F78220046B1BE /* Views */ = {
			isa = PBXGroup;
			children = (
				0AC6263A2B6F32230046B1BE /* GridCollectionView */,
				0AC626462B6F77150046B1BE /* GridCollectionWithInteractView */,
				0AC626312B6F2BCE0046B1BE /* TriangleView */,
				0AC626302B6F2BC30046B1BE /* TimeLineView */,
				0AC6262F2B6F2BBA0046B1BE /* CategoryView */,
				0AC6262E2B6F2BA70046B1BE /* BubbleView */,
			);
			path = Views;
			sourceTree = "<group>";
		};
		0AC626492B6F782F0046B1BE /* Services */ = {
			isa = PBXGroup;
			children = (
				0AC6263B2B6F32C90046B1BE /* FlickrFiles */,
			);
			path = Services;
			sourceTree = "<group>";
		};
		9DDA3B149B23FCDB62C12133 /* Pods */ = {
			isa = PBXGroup;
			children = (
				E5556A8F764A3958AF5C2A5C /* Pods-iosViews.debug.xcconfig */,
				953F7141FB1DD602ECB9769F /* Pods-iosViews.release.xcconfig */,
			);
			path = Pods;
			sourceTree = "<group>";
		};
		D0DDCB24C308CBB5FC449691 /* Frameworks */ = {
			isa = PBXGroup;
			children = (
				F659A6255F601567ED37F205 /* Pods_iosViews.framework */,
			);
			name = Frameworks;
			sourceTree = "<group>";
		};
/* End PBXGroup section */

/* Begin PBXNativeTarget section */
		0AC626132B6F2B800046B1BE /* iosViews */ = {
			isa = PBXNativeTarget;
			buildConfigurationList = 0AC6262B2B6F2B810046B1BE /* Build configuration list for PBXNativeTarget "iosViews" */;
			buildPhases = (
				2300B901B6C0CD850B5AE953 /* [CP] Check Pods Manifest.lock */,
				0AC626102B6F2B800046B1BE /* Sources */,
				0AC626112B6F2B800046B1BE /* Frameworks */,
				0AC626122B6F2B800046B1BE /* Resources */,
				D1EC7BD2D1221FDC44ACFCD6 /* [CP] Embed Pods Frameworks */,
			);
			buildRules = (
			);
			dependencies = (
			);
			name = iosViews;
			productName = iosViews;
			productReference = 0AC626142B6F2B800046B1BE /* iosViews.app */;
			productType = "com.apple.product-type.application";
		};
/* End PBXNativeTarget section */

/* Begin PBXProject section */
		0AC6260C2B6F2B800046B1BE /* Project object */ = {
			isa = PBXProject;
			attributes = {
				BuildIndependentTargetsInParallel = 1;
				LastSwiftUpdateCheck = 1510;
				LastUpgradeCheck = 1510;
				TargetAttributes = {
					0AC626132B6F2B800046B1BE = {
						CreatedOnToolsVersion = 15.1;
					};
				};
			};
			buildConfigurationList = 0AC6260F2B6F2B800046B1BE /* Build configuration list for PBXProject "iosViews" */;
			compatibilityVersion = "Xcode 14.0";
			developmentRegion = en;
			hasScannedForEncodings = 0;
			knownRegions = (
				en,
				Base,
			);
			mainGroup = 0AC6260B2B6F2B800046B1BE;
			productRefGroup = 0AC626152B6F2B800046B1BE /* Products */;
			projectDirPath = "";
			projectRoot = "";
			targets = (
				0AC626132B6F2B800046B1BE /* iosViews */,
			);
		};
/* End PBXProject section */

/* Begin PBXResourcesBuildPhase section */
		0AC626122B6F2B800046B1BE /* Resources */ = {
			isa = PBXResourcesBuildPhase;
			buildActionMask = 2147483647;
			files = (
				0AC626272B6F2B810046B1BE /* LaunchScreen.storyboard in Resources */,
				0AC626242B6F2B810046B1BE /* Assets.xcassets in Resources */,
			);
			runOnlyForDeploymentPostprocessing = 0;
		};
/* End PBXResourcesBuildPhase section */

/* Begin PBXShellScriptBuildPhase section */
		2300B901B6C0CD850B5AE953 /* [CP] Check Pods Manifest.lock */ = {
			isa = PBXShellScriptBuildPhase;
			buildActionMask = 2147483647;
			files = (
			);
			inputFileListPaths = (
			);
			inputPaths = (
				"${PODS_PODFILE_DIR_PATH}/Podfile.lock",
				"${PODS_ROOT}/Manifest.lock",
			);
			name = "[CP] Check Pods Manifest.lock";
			outputFileListPaths = (
			);
			outputPaths = (
				"$(DERIVED_FILE_DIR)/Pods-iosViews-checkManifestLockResult.txt",
			);
			runOnlyForDeploymentPostprocessing = 0;
			shellPath = /bin/sh;
			shellScript = "diff \"${PODS_PODFILE_DIR_PATH}/Podfile.lock\" \"${PODS_ROOT}/Manifest.lock\" > /dev/null\nif [ $? != 0 ] ; then\n    # print error to STDERR\n    echo \"error: The sandbox is not in sync with the Podfile.lock. Run 'pod install' or update your CocoaPods installation.\" >&2\n    exit 1\nfi\n# This output is used by Xcode 'outputs' to avoid re-running this script phase.\necho \"SUCCESS\" > \"${SCRIPT_OUTPUT_FILE_0}\"\n";
			showEnvVarsInLog = 0;
		};
		D1EC7BD2D1221FDC44ACFCD6 /* [CP] Embed Pods Frameworks */ = {
			isa = PBXShellScriptBuildPhase;
			buildActionMask = 2147483647;
			files = (
			);
			inputFileListPaths = (
				"${PODS_ROOT}/Target Support Files/Pods-iosViews/Pods-iosViews-frameworks-${CONFIGURATION}-input-files.xcfilelist",
			);
			name = "[CP] Embed Pods Frameworks";
			outputFileListPaths = (
				"${PODS_ROOT}/Target Support Files/Pods-iosViews/Pods-iosViews-frameworks-${CONFIGURATION}-output-files.xcfilelist",
			);
			runOnlyForDeploymentPostprocessing = 0;
			shellPath = /bin/sh;
			shellScript = "\"${PODS_ROOT}/Target Support Files/Pods-iosViews/Pods-iosViews-frameworks.sh\"\n";
			showEnvVarsInLog = 0;
		};
/* End PBXShellScriptBuildPhase section */

/* Begin PBXSourcesBuildPhase section */
		0AC626102B6F2B800046B1BE /* Sources */ = {
			isa = PBXSourcesBuildPhase;
			buildActionMask = 2147483647;
			files = (
				0AC6261C2B6F2B800046B1BE /* AppViewController.swift in Sources */,
				0AC6264F2B6F7B320046B1BE /* BubbleView.swift in Sources */,
				0AC626182B6F2B800046B1BE /* AppDelegate.swift in Sources */,
				0AC6263F2B6F32F10046B1BE /* FlickrPhoto.swift in Sources */,
				0AC626222B6F2B800046B1BE /* iosViews.xcdatamodeld in Sources */,
				0AC626432B6F33100046B1BE /* GridPhotoCell.swift in Sources */,
				0AC626352B6F2D100046B1BE /* MyCategoryView.swift in Sources */,
				0AC6264D2B6F7A240046B1BE /* GridPhotosWithInteractViewController.swift in Sources */,
				0AC6261A2B6F2B800046B1BE /* SceneDelegate.swift in Sources */,
				0AC6264B2B6F78D20046B1BE /* GridPhotoWithInteractCell.swift in Sources */,
				0AC626392B6F2D300046B1BE /* TriangleView.swift in Sources */,
				0AC6263D2B6F32DA0046B1BE /* Flickr.swift in Sources */,
				0AC626412B6F33000046B1BE /* FlickrSearchResults.swift in Sources */,
				0AC626452B6F331C0046B1BE /* GridPhotosViewController.swift in Sources */,
				0AC626372B6F2D1C0046B1BE /* TimeLineView.swift in Sources */,
			);
			runOnlyForDeploymentPostprocessing = 0;
		};
/* End PBXSourcesBuildPhase section */

/* Begin PBXVariantGroup section */
		0AC626252B6F2B810046B1BE /* LaunchScreen.storyboard */ = {
			isa = PBXVariantGroup;
			children = (
				0AC626262B6F2B810046B1BE /* Base */,
			);
			name = LaunchScreen.storyboard;
			sourceTree = "<group>";
		};
/* End PBXVariantGroup section */

/* Begin XCBuildConfiguration section */
		0AC626292B6F2B810046B1BE /* Debug */ = {
			isa = XCBuildConfiguration;
			buildSettings = {
				ALWAYS_SEARCH_USER_PATHS = NO;
				ASSETCATALOG_COMPILER_GENERATE_SWIFT_ASSET_SYMBOL_EXTENSIONS = YES;
				CLANG_ANALYZER_NONNULL = YES;
				CLANG_ANALYZER_NUMBER_OBJECT_CONVERSION = YES_AGGRESSIVE;
				CLANG_CXX_LANGUAGE_STANDARD = "gnu++20";
				CLANG_ENABLE_MODULES = YES;
				CLANG_ENABLE_OBJC_ARC = YES;
				CLANG_ENABLE_OBJC_WEAK = YES;
				CLANG_WARN_BLOCK_CAPTURE_AUTORELEASING = YES;
				CLANG_WARN_BOOL_CONVERSION = YES;
				CLANG_WARN_COMMA = YES;
				CLANG_WARN_CONSTANT_CONVERSION = YES;
				CLANG_WARN_DEPRECATED_OBJC_IMPLEMENTATIONS = YES;
				CLANG_WARN_DIRECT_OBJC_ISA_USAGE = YES_ERROR;
				CLANG_WARN_DOCUMENTATION_COMMENTS = YES;
				CLANG_WARN_EMPTY_BODY = YES;
				CLANG_WARN_ENUM_CONVERSION = YES;
				CLANG_WARN_INFINITE_RECURSION = YES;
				CLANG_WARN_INT_CONVERSION = YES;
				CLANG_WARN_NON_LITERAL_NULL_CONVERSION = YES;
				CLANG_WARN_OBJC_IMPLICIT_RETAIN_SELF = YES;
				CLANG_WARN_OBJC_LITERAL_CONVERSION = YES;
				CLANG_WARN_OBJC_ROOT_CLASS = YES_ERROR;
				CLANG_WARN_QUOTED_INCLUDE_IN_FRAMEWORK_HEADER = YES;
				CLANG_WARN_RANGE_LOOP_ANALYSIS = YES;
				CLANG_WARN_STRICT_PROTOTYPES = YES;
				CLANG_WARN_SUSPICIOUS_MOVE = YES;
				CLANG_WARN_UNGUARDED_AVAILABILITY = YES_AGGRESSIVE;
				CLANG_WARN_UNREACHABLE_CODE = YES;
				CLANG_WARN__DUPLICATE_METHOD_MATCH = YES;
				COPY_PHASE_STRIP = NO;
				DEBUG_INFORMATION_FORMAT = dwarf;
				ENABLE_STRICT_OBJC_MSGSEND = YES;
				ENABLE_TESTABILITY = YES;
				ENABLE_USER_SCRIPT_SANDBOXING = NO;
				GCC_C_LANGUAGE_STANDARD = gnu17;
				GCC_DYNAMIC_NO_PIC = NO;
				GCC_NO_COMMON_BLOCKS = YES;
				GCC_OPTIMIZATION_LEVEL = 0;
				GCC_PREPROCESSOR_DEFINITIONS = (
					"DEBUG=1",
					"$(inherited)",
				);
				GCC_WARN_64_TO_32_BIT_CONVERSION = YES;
				GCC_WARN_ABOUT_RETURN_TYPE = YES_ERROR;
				GCC_WARN_UNDECLARED_SELECTOR = YES;
				GCC_WARN_UNINITIALIZED_AUTOS = YES_AGGRESSIVE;
				GCC_WARN_UNUSED_FUNCTION = YES;
				GCC_WARN_UNUSED_VARIABLE = YES;
				IPHONEOS_DEPLOYMENT_TARGET = 17.2;
				LOCALIZATION_PREFERS_STRING_CATALOGS = YES;
				MTL_ENABLE_DEBUG_INFO = INCLUDE_SOURCE;
				MTL_FAST_MATH = YES;
				ONLY_ACTIVE_ARCH = YES;
				SDKROOT = iphoneos;
				SWIFT_ACTIVE_COMPILATION_CONDITIONS = "DEBUG $(inherited)";
				SWIFT_OPTIMIZATION_LEVEL = "-Onone";
			};
			name = Debug;
		};
		0AC6262A2B6F2B810046B1BE /* Release */ = {
			isa = XCBuildConfiguration;
			buildSettings = {
				ALWAYS_SEARCH_USER_PATHS = NO;
				ASSETCATALOG_COMPILER_GENERATE_SWIFT_ASSET_SYMBOL_EXTENSIONS = YES;
				CLANG_ANALYZER_NONNULL = YES;
				CLANG_ANALYZER_NUMBER_OBJECT_CONVERSION = YES_AGGRESSIVE;
				CLANG_CXX_LANGUAGE_STANDARD = "gnu++20";
				CLANG_ENABLE_MODULES = YES;
				CLANG_ENABLE_OBJC_ARC = YES;
				CLANG_ENABLE_OBJC_WEAK = YES;
				CLANG_WARN_BLOCK_CAPTURE_AUTORELEASING = YES;
				CLANG_WARN_BOOL_CONVERSION = YES;
				CLANG_WARN_COMMA = YES;
				CLANG_WARN_CONSTANT_CONVERSION = YES;
				CLANG_WARN_DEPRECATED_OBJC_IMPLEMENTATIONS = YES;
				CLANG_WARN_DIRECT_OBJC_ISA_USAGE = YES_ERROR;
				CLANG_WARN_DOCUMENTATION_COMMENTS = YES;
				CLANG_WARN_EMPTY_BODY = YES;
				CLANG_WARN_ENUM_CONVERSION = YES;
				CLANG_WARN_INFINITE_RECURSION = YES;
				CLANG_WARN_INT_CONVERSION = YES;
				CLANG_WARN_NON_LITERAL_NULL_CONVERSION = YES;
				CLANG_WARN_OBJC_IMPLICIT_RETAIN_SELF = YES;
				CLANG_WARN_OBJC_LITERAL_CONVERSION = YES;
				CLANG_WARN_OBJC_ROOT_CLASS = YES_ERROR;
				CLANG_WARN_QUOTED_INCLUDE_IN_FRAMEWORK_HEADER = YES;
				CLANG_WARN_RANGE_LOOP_ANALYSIS = YES;
				CLANG_WARN_STRICT_PROTOTYPES = YES;
				CLANG_WARN_SUSPICIOUS_MOVE = YES;
				CLANG_WARN_UNGUARDED_AVAILABILITY = YES_AGGRESSIVE;
				CLANG_WARN_UNREACHABLE_CODE = YES;
				CLANG_WARN__DUPLICATE_METHOD_MATCH = YES;
				COPY_PHASE_STRIP = NO;
				DEBUG_INFORMATION_FORMAT = "dwarf-with-dsym";
				ENABLE_NS_ASSERTIONS = NO;
				ENABLE_STRICT_OBJC_MSGSEND = YES;
				ENABLE_USER_SCRIPT_SANDBOXING = NO;
				GCC_C_LANGUAGE_STANDARD = gnu17;
				GCC_NO_COMMON_BLOCKS = YES;
				GCC_WARN_64_TO_32_BIT_CONVERSION = YES;
				GCC_WARN_ABOUT_RETURN_TYPE = YES_ERROR;
				GCC_WARN_UNDECLARED_SELECTOR = YES;
				GCC_WARN_UNINITIALIZED_AUTOS = YES_AGGRESSIVE;
				GCC_WARN_UNUSED_FUNCTION = YES;
				GCC_WARN_UNUSED_VARIABLE = YES;
				IPHONEOS_DEPLOYMENT_TARGET = 17.2;
				LOCALIZATION_PREFERS_STRING_CATALOGS = YES;
				MTL_ENABLE_DEBUG_INFO = NO;
				MTL_FAST_MATH = YES;
				SDKROOT = iphoneos;
				SWIFT_COMPILATION_MODE = wholemodule;
				VALIDATE_PRODUCT = YES;
			};
			name = Release;
		};
		0AC6262C2B6F2B810046B1BE /* Debug */ = {
			isa = XCBuildConfiguration;
			baseConfigurationReference = E5556A8F764A3958AF5C2A5C /* Pods-iosViews.debug.xcconfig */;
			buildSettings = {
				ASSETCATALOG_COMPILER_APPICON_NAME = AppIcon;
				ASSETCATALOG_COMPILER_GLOBAL_ACCENT_COLOR_NAME = AccentColor;
				CODE_SIGN_STYLE = Automatic;
				CURRENT_PROJECT_VERSION = 1;
				DEVELOPMENT_TEAM = H2BU6KC252;
				GENERATE_INFOPLIST_FILE = YES;
				INFOPLIST_FILE = iosViews/Info.plist;
				INFOPLIST_KEY_UIApplicationSupportsIndirectInputEvents = YES;
				INFOPLIST_KEY_UILaunchStoryboardName = LaunchScreen;
				INFOPLIST_KEY_UIMainStoryboardFile = "";
				INFOPLIST_KEY_UISupportedInterfaceOrientations_iPad = "UIInterfaceOrientationPortrait UIInterfaceOrientationPortraitUpsideDown UIInterfaceOrientationLandscapeLeft UIInterfaceOrientationLandscapeRight";
				INFOPLIST_KEY_UISupportedInterfaceOrientations_iPhone = "UIInterfaceOrientationPortrait UIInterfaceOrientationLandscapeLeft UIInterfaceOrientationLandscapeRight";
				IPHONEOS_DEPLOYMENT_TARGET = 13.0;
				LD_RUNPATH_SEARCH_PATHS = (
					"$(inherited)",
					"@executable_path/Frameworks",
				);
				MARKETING_VERSION = 1.0;
				PRODUCT_BUNDLE_IDENTIFIER = Self.iosViews;
				PRODUCT_NAME = "$(TARGET_NAME)";
				SWIFT_EMIT_LOC_STRINGS = YES;
				SWIFT_VERSION = 5.0;
				TARGETED_DEVICE_FAMILY = "1,2";
			};
			name = Debug;
		};
		0AC6262D2B6F2B810046B1BE /* Release */ = {
			isa = XCBuildConfiguration;
			baseConfigurationReference = 953F7141FB1DD602ECB9769F /* Pods-iosViews.release.xcconfig */;
			buildSettings = {
				ASSETCATALOG_COMPILER_APPICON_NAME = AppIcon;
				ASSETCATALOG_COMPILER_GLOBAL_ACCENT_COLOR_NAME = AccentColor;
				CODE_SIGN_STYLE = Automatic;
				CURRENT_PROJECT_VERSION = 1;
				DEVELOPMENT_TEAM = H2BU6KC252;
				GENERATE_INFOPLIST_FILE = YES;
				INFOPLIST_FILE = iosViews/Info.plist;
				INFOPLIST_KEY_UIApplicationSupportsIndirectInputEvents = YES;
				INFOPLIST_KEY_UILaunchStoryboardName = LaunchScreen;
				INFOPLIST_KEY_UIMainStoryboardFile = "";
				INFOPLIST_KEY_UISupportedInterfaceOrientations_iPad = "UIInterfaceOrientationPortrait UIInterfaceOrientationPortraitUpsideDown UIInterfaceOrientationLandscapeLeft UIInterfaceOrientationLandscapeRight";
				INFOPLIST_KEY_UISupportedInterfaceOrientations_iPhone = "UIInterfaceOrientationPortrait UIInterfaceOrientationLandscapeLeft UIInterfaceOrientationLandscapeRight";
				IPHONEOS_DEPLOYMENT_TARGET = 13.0;
				LD_RUNPATH_SEARCH_PATHS = (
					"$(inherited)",
					"@executable_path/Frameworks",
				);
				MARKETING_VERSION = 1.0;
				PRODUCT_BUNDLE_IDENTIFIER = Self.iosViews;
				PRODUCT_NAME = "$(TARGET_NAME)";
				SWIFT_EMIT_LOC_STRINGS = YES;
				SWIFT_VERSION = 5.0;
				TARGETED_DEVICE_FAMILY = "1,2";
			};
			name = Release;
		};
/* End XCBuildConfiguration section */

/* Begin XCConfigurationList section */
		0AC6260F2B6F2B800046B1BE /* Build configuration list for PBXProject "iosViews" */ = {
			isa = XCConfigurationList;
			buildConfigurations = (
				0AC626292B6F2B810046B1BE /* Debug */,
				0AC6262A2B6F2B810046B1BE /* Release */,
			);
			defaultConfigurationIsVisible = 0;
			defaultConfigurationName = Release;
		};
		0AC6262B2B6F2B810046B1BE /* Build configuration list for PBXNativeTarget "iosViews" */ = {
			isa = XCConfigurationList;
			buildConfigurations = (
				0AC6262C2B6F2B810046B1BE /* Debug */,
				0AC6262D2B6F2B810046B1BE /* Release */,
			);
			defaultConfigurationIsVisible = 0;
			defaultConfigurationName = Release;
		};
/* End XCConfigurationList section */

/* Begin XCVersionGroup section */
		0AC626202B6F2B800046B1BE /* iosViews.xcdatamodeld */ = {
			isa = XCVersionGroup;
			children = (
				0AC626212B6F2B800046B1BE /* iosViews.xcdatamodel */,
			);
			currentVersion = 0AC626212B6F2B800046B1BE /* iosViews.xcdatamodel */;
			path = iosViews.xcdatamodeld;
			sourceTree = "<group>";
			versionGroupType = wrapper.xcdatamodel;
		};
/* End XCVersionGroup section */
	};
	rootObject = 0AC6260C2B6F2B800046B1BE /* Project object */;
}
